{
  "version": 4,
  "terraform_version": "1.6.4",
  "serial": 17,
  "lineage": "688edd20-74c0-8e29-5971-02a97516acaf",
  "outputs": {},
  "resources": [
    {
      "mode": "data",
      "type": "google_firebase_web_app_config",
      "name": "example",
      "provider": "provider[\"registry.terraform.io/hashicorp/google-beta\"]",
      "instances": [
        {
          "schema_version": 0,
          "attributes": {
            "api_key": "AIzaSyCaw7jzF6M5D5_aQsCld1TvW-4wHCdEUBQ",
            "auth_domain": "sample-firebase-app-7cda1.firebaseapp.com",
            "database_url": "",
            "id": "1:164162796537:web:cbc1d10291610c32dadb28",
            "location_id": "",
            "measurement_id": "",
            "messaging_sender_id": "164162796537",
            "project": "sample-firebase-app-7cda1",
            "storage_bucket": "sample-firebase-app-7cda1.firebasestorage.app",
            "web_app_id": "1:164162796537:web:cbc1d10291610c32dadb28"
          },
          "sensitive_attributes": []
        }
      ]
    },
    {
      "mode": "data",
      "type": "google_project",
      "name": "project",
      "provider": "provider[\"registry.terraform.io/hashicorp/google-beta\"]",
      "instances": [
        {
          "schema_version": 0,
          "attributes": {
            "auto_create_network": null,
            "billing_account": null,
            "deletion_policy": "DELETE",
            "effective_labels": {
              "firebase": "enabled",
              "firebase-core": "disabled"
            },
            "folder_id": null,
            "id": "projects/sample-firebase-app-7cda1",
            "labels": {
              "firebase": "enabled",
              "firebase-core": "disabled"
            },
            "name": "Sample Firebase app",
            "number": "164162796537",
            "org_id": null,
            "project_id": "sample-firebase-app-7cda1",
            "skip_delete": null,
            "terraform_labels": {
              "firebase": "enabled",
              "firebase-core": "disabled"
            }
          },
          "sensitive_attributes": []
        }
      ]
    },
    {
      "mode": "managed",
      "type": "google_apikeys_key",
      "name": "generativelanguage",
      "provider": "provider[\"registry.terraform.io/hashicorp/google-beta\"]",
      "instances": [
        {
          "schema_version": 0,
          "attributes": {
            "display_name": "Gemini API Key",
            "id": "projects/sample-firebase-app-7cda1/locations/global/keys/gemini-api-key",
            "key_string": "AIzaSyCio-eM89Mhs-CD7AFjBLy9nPKVte1x1Gc",
            "name": "gemini-api-key",
            "project": "sample-firebase-app-7cda1",
            "restrictions": [
              {
                "android_key_restrictions": [],
                "api_targets": [
                  {
                    "methods": [],
                    "service": "generativelanguage.googleapis.com"
                  }
                ],
                "browser_key_restrictions": [
                  {
                    "allowed_referrers": [
                      "*"
                    ]
                  }
                ],
                "ios_key_restrictions": [],
                "server_key_restrictions": []
              }
            ],
            "timeouts": null,
            "uid": "71c476fc-43ad-419f-8d87-ec7a11ffbbee"
          },
          "sensitive_attributes": [],
          "private": "eyJlMmJmYjczMC1lY2FhLTExZTYtOGY4OC0zNDM2M2JjN2M0YzAiOnsiY3JlYXRlIjoxMjAwMDAwMDAwMDAwLCJkZWxldGUiOjEyMDAwMDAwMDAwMDAsInVwZGF0ZSI6MTIwMDAwMDAwMDAwMH19",
          "dependencies": [
            "google_project_service.services"
          ]
        }
      ]
    },
    {
      "mode": "managed",
      "type": "google_firebase_web_app",
      "name": "example",
      "provider": "provider[\"registry.terraform.io/hashicorp/google-beta\"]",
      "instances": [
        {
          "schema_version": 0,
          "attributes": {
            "api_key_id": "d7744107-ce7a-4ff8-b566-f5a0ed308bfd",
            "app_id": "1:164162796537:web:cbc1d10291610c32dadb28",
            "app_urls": [],
            "deletion_policy": "DELETE",
            "display_name": "Make It So AI!",
            "id": "projects/sample-firebase-app-7cda1/webApps/1:164162796537:web:cbc1d10291610c32dadb28",
            "name": "projects/sample-firebase-app-7cda1/webApps/1:164162796537:web:cbc1d10291610c32dadb28",
            "project": "sample-firebase-app-7cda1",
            "timeouts": null
          },
          "sensitive_attributes": [],
          "private": "eyJlMmJmYjczMC1lY2FhLTExZTYtOGY4OC0zNDM2M2JjN2M0YzAiOnsiY3JlYXRlIjoxMjAwMDAwMDAwMDAwLCJkZWxldGUiOjEyMDAwMDAwMDAwMDAsInVwZGF0ZSI6MTIwMDAwMDAwMDAwMH19"
        }
      ]
    },
    {
      "mode": "managed",
      "type": "google_firebaserules_release",
      "name": "firestore",
      "provider": "provider[\"registry.terraform.io/hashicorp/google-beta\"]",
      "instances": [
        {
          "schema_version": 0,
          "attributes": {
            "create_time": "2025-04-17T13:43:37.420887Z",
            "disabled": false,
            "id": "projects/sample-firebase-app-7cda1/releases/cloud.firestore",
            "name": "cloud.firestore",
            "project": "sample-firebase-app-7cda1",
            "ruleset_name": "53bb06e2-c985-44ab-8d51-0e2b78d8c6af",
            "timeouts": null,
            "update_time": "2025-04-17T13:43:37.420887Z"
          },
          "sensitive_attributes": [],
          "private": "eyJlMmJmYjczMC1lY2FhLTExZTYtOGY4OC0zNDM2M2JjN2M0YzAiOnsiY3JlYXRlIjoxMjAwMDAwMDAwMDAwLCJkZWxldGUiOjEyMDAwMDAwMDAwMDB9fQ==",
          "dependencies": [
            "google_firebaserules_ruleset.firestore",
            "google_firestore_database.database",
            "google_project_service.services",
            "local_file.firestore_rules"
          ]
        }
      ]
    },
    {
      "mode": "managed",
      "type": "google_firebaserules_ruleset",
      "name": "firestore",
      "provider": "provider[\"registry.terraform.io/hashicorp/google-beta\"]",
      "instances": [
        {
          "schema_version": 0,
          "attributes": {
            "create_time": "2025-04-17T13:43:34.099752Z",
            "id": "projects/sample-firebase-app-7cda1/rulesets/53bb06e2-c985-44ab-8d51-0e2b78d8c6af",
            "metadata": [
              {
                "services": [
                  "cloud.firestore"
                ]
              }
            ],
            "name": "53bb06e2-c985-44ab-8d51-0e2b78d8c6af",
            "project": "sample-firebase-app-7cda1",
            "source": [
              {
                "files": [
                  {
                    "content": "service cloud.firestore {\n  match /databases/{database}/documents/{document=**} {\n    allow read, write: if request.auth != null \u0026\u0026 request.time \u003c timestamp.date(2025, 5, 17);\n  }\n}\n",
                    "fingerprint": "",
                    "name": "firestore.rules"
                  }
                ],
                "language": ""
              }
            ],
            "timeouts": null
          },
          "sensitive_attributes": [],
          "private": "eyJlMmJmYjczMC1lY2FhLTExZTYtOGY4OC0zNDM2M2JjN2M0YzAiOnsiY3JlYXRlIjoxMjAwMDAwMDAwMDAwLCJkZWxldGUiOjEyMDAwMDAwMDAwMDB9fQ==",
          "dependencies": [
            "google_firestore_database.database",
            "google_project_service.services",
            "local_file.firestore_rules"
          ]
        }
      ]
    },
    {
      "mode": "managed",
      "type": "google_firestore_database",
      "name": "database",
      "provider": "provider[\"registry.terraform.io/hashicorp/google-beta\"]",
      "instances": [
        {
          "schema_version": 0,
          "attributes": {
            "app_engine_integration_mode": "DISABLED",
            "cmek_config": [],
            "concurrency_mode": "PESSIMISTIC",
            "create_time": "",
            "delete_protection_state": "DELETE_PROTECTION_DISABLED",
            "deletion_policy": "ABANDON",
            "earliest_version_time": "2025-04-17T13:43:21.819804Z",
            "etag": "IJrS8MGZ34wDMJyluK6Z34wD",
            "id": "projects/sample-firebase-app-7cda1/databases/(default)",
            "key_prefix": "",
            "location_id": "nam5",
            "name": "(default)",
            "point_in_time_recovery_enablement": "POINT_IN_TIME_RECOVERY_DISABLED",
            "project": "sample-firebase-app-7cda1",
            "timeouts": null,
            "type": "FIRESTORE_NATIVE",
            "uid": "a3011167-8af8-421b-afc5-54b5fc09e450",
            "update_time": "",
            "version_retention_period": "3600s"
          },
          "sensitive_attributes": [],
          "private": "eyJlMmJmYjczMC1lY2FhLTExZTYtOGY4OC0zNDM2M2JjN2M0YzAiOnsiY3JlYXRlIjoxMjAwMDAwMDAwMDAwLCJkZWxldGUiOjEyMDAwMDAwMDAwMDAsInVwZGF0ZSI6MTIwMDAwMDAwMDAwMH19",
          "dependencies": [
            "google_project_service.services"
          ]
        }
      ]
    },
    {
      "mode": "managed",
      "type": "google_project_service",
      "name": "services",
      "provider": "provider[\"registry.terraform.io/hashicorp/google-beta\"]",
      "instances": [
        {
          "index_key": "apikeys.googleapis.com",
          "schema_version": 0,
          "attributes": {
            "check_if_service_has_usage_on_destroy": false,
            "disable_dependent_services": null,
            "disable_on_destroy": false,
            "id": "sample-firebase-app-7cda1/apikeys.googleapis.com",
            "project": "sample-firebase-app-7cda1",
            "service": "apikeys.googleapis.com",
            "timeouts": null
          },
          "sensitive_attributes": [],
          "private": "eyJlMmJmYjczMC1lY2FhLTExZTYtOGY4OC0zNDM2M2JjN2M0YzAiOnsiY3JlYXRlIjoxMjAwMDAwMDAwMDAwLCJkZWxldGUiOjEyMDAwMDAwMDAwMDAsInJlYWQiOjYwMDAwMDAwMDAwMCwidXBkYXRlIjoxMjAwMDAwMDAwMDAwfX0="
        },
        {
          "index_key": "firebaserules.googleapis.com",
          "schema_version": 0,
          "attributes": {
            "check_if_service_has_usage_on_destroy": false,
            "disable_dependent_services": null,
            "disable_on_destroy": false,
            "id": "sample-firebase-app-7cda1/firebaserules.googleapis.com",
            "project": "sample-firebase-app-7cda1",
            "service": "firebaserules.googleapis.com",
            "timeouts": null
          },
          "sensitive_attributes": [],
          "private": "eyJlMmJmYjczMC1lY2FhLTExZTYtOGY4OC0zNDM2M2JjN2M0YzAiOnsiY3JlYXRlIjoxMjAwMDAwMDAwMDAwLCJkZWxldGUiOjEyMDAwMDAwMDAwMDAsInJlYWQiOjYwMDAwMDAwMDAwMCwidXBkYXRlIjoxMjAwMDAwMDAwMDAwfX0="
        },
        {
          "index_key": "firestore.googleapis.com",
          "schema_version": 0,
          "attributes": {
            "check_if_service_has_usage_on_destroy": false,
            "disable_dependent_services": null,
            "disable_on_destroy": false,
            "id": "sample-firebase-app-7cda1/firestore.googleapis.com",
            "project": "sample-firebase-app-7cda1",
            "service": "firestore.googleapis.com",
            "timeouts": null
          },
          "sensitive_attributes": [],
          "private": "eyJlMmJmYjczMC1lY2FhLTExZTYtOGY4OC0zNDM2M2JjN2M0YzAiOnsiY3JlYXRlIjoxMjAwMDAwMDAwMDAwLCJkZWxldGUiOjEyMDAwMDAwMDAwMDAsInJlYWQiOjYwMDAwMDAwMDAwMCwidXBkYXRlIjoxMjAwMDAwMDAwMDAwfX0="
        },
        {
          "index_key": "generativelanguage.googleapis.com",
          "schema_version": 0,
          "attributes": {
            "check_if_service_has_usage_on_destroy": false,
            "disable_dependent_services": null,
            "disable_on_destroy": false,
            "id": "sample-firebase-app-7cda1/generativelanguage.googleapis.com",
            "project": "sample-firebase-app-7cda1",
            "service": "generativelanguage.googleapis.com",
            "timeouts": null
          },
          "sensitive_attributes": [],
          "private": "eyJlMmJmYjczMC1lY2FhLTExZTYtOGY4OC0zNDM2M2JjN2M0YzAiOnsiY3JlYXRlIjoxMjAwMDAwMDAwMDAwLCJkZWxldGUiOjEyMDAwMDAwMDAwMDAsInJlYWQiOjYwMDAwMDAwMDAwMCwidXBkYXRlIjoxMjAwMDAwMDAwMDAwfX0="
        },
        {
          "index_key": "serviceusage.googleapis.com",
          "schema_version": 0,
          "attributes": {
            "check_if_service_has_usage_on_destroy": false,
            "disable_dependent_services": null,
            "disable_on_destroy": false,
            "id": "sample-firebase-app-7cda1/serviceusage.googleapis.com",
            "project": "sample-firebase-app-7cda1",
            "service": "serviceusage.googleapis.com",
            "timeouts": null
          },
          "sensitive_attributes": [],
          "private": "eyJlMmJmYjczMC1lY2FhLTExZTYtOGY4OC0zNDM2M2JjN2M0YzAiOnsiY3JlYXRlIjoxMjAwMDAwMDAwMDAwLCJkZWxldGUiOjEyMDAwMDAwMDAwMDAsInJlYWQiOjYwMDAwMDAwMDAwMCwidXBkYXRlIjoxMjAwMDAwMDAwMDAwfX0="
        }
      ]
    },
    {
      "mode": "managed",
      "type": "google_service_usage_consumer_quota_override",
      "name": "generativelanguage",
      "provider": "provider[\"registry.terraform.io/hashicorp/google-beta\"]",
      "instances": [
        {
          "schema_version": 0,
          "attributes": {
            "dimensions": {},
            "force": true,
            "id": "projects/sample-firebase-app-7cda1/services/generativelanguage.googleapis.com/consumerQuotaMetrics/generativelanguage.googleapis.com%2Fgenerate_requests_per_model/limits/%2Fmin%2Fmodel%2Fproject/consumerOverrides/Cg1RdW90YU92ZXJyaWRl",
            "limit": "%2Fmin%2Fmodel%2Fproject",
            "metric": "generativelanguage.googleapis.com%2Fgenerate_requests_per_model",
            "name": "Cg1RdW90YU92ZXJyaWRl",
            "override_value": "10",
            "project": "sample-firebase-app-7cda1",
            "service": "generativelanguage.googleapis.com",
            "timeouts": null
          },
          "sensitive_attributes": [],
          "private": "eyJlMmJmYjczMC1lY2FhLTExZTYtOGY4OC0zNDM2M2JjN2M0YzAiOnsiY3JlYXRlIjoxMjAwMDAwMDAwMDAwLCJkZWxldGUiOjEyMDAwMDAwMDAwMDAsInVwZGF0ZSI6MTIwMDAwMDAwMDAwMH19",
          "dependencies": [
            "google_project_service.services"
          ]
        }
      ]
    },
    {
      "mode": "managed",
      "type": "local_file",
      "name": "environment_ts",
      "provider": "provider[\"registry.terraform.io/hashicorp/local\"]",
      "instances": [
        {
          "schema_version": 0,
          "attributes": {
            "content": "export const environment = {\n  firebase: {\n      apiKey: 'AIzaSyCaw7jzF6M5D5_aQsCld1TvW-4wHCdEUBQ',\n      authDomain: 'sample-firebase-app-7cda1.firebaseapp.com',\n      databaseURL: '',\n      projectId: 'sample-firebase-app-7cda1',\n      storageBucket: 'sample-firebase-app-7cda1.firebasestorage.app',\n      messagingSenderId: '164162796537',\n      appId: '1:164162796537:web:cbc1d10291610c32dadb28',\n      measurementId: '',\n  },\n  gemini_api_key: 'AIzaSyCio-eM89Mhs-CD7AFjBLy9nPKVte1x1Gc',\n  debug_token: ''\n};",
            "content_base64": null,
            "content_base64sha256": "HGjkyVxEVMOUCuOybuqG0bOLkw+ef6f/yEPbm2WNvUU=",
            "content_base64sha512": "cbqYOF5YAxkmeGFDTi20SK3L7nYRtwgNwgGrOGfsGSlSWDNTSvggAYOEE8QZfqJQ7yULZNNG/78LTV26GlLpUw==",
            "content_md5": "78c767cee73eb34840815ba6ec97301e",
            "content_sha1": "efc3c303af4688561f20e2fe40f9092d87f3aafb",
            "content_sha256": "1c68e4c95c4454c3940ae3b26eea86d1b38b930f9e7fa7ffc843db9b658dbd45",
            "content_sha512": "71ba98385e580319267861434e2db448adcbee7611b7080dc201ab3867ec1929525833534af82001838413c4197ea250ef250b64d346ffbf0b4d5dba1a52e953",
            "directory_permission": "0777",
            "file_permission": "0777",
            "filename": "./src/environments/environments.ts",
            "id": "efc3c303af4688561f20e2fe40f9092d87f3aafb",
            "sensitive_content": null,
            "source": null
          },
          "sensitive_attributes": [
            [
              {
                "type": "get_attr",
                "value": "content"
              }
            ]
          ],
          "dependencies": [
            "data.google_firebase_web_app_config.example",
            "data.google_project.project",
            "google_apikeys_key.generativelanguage",
            "google_firebase_web_app.example",
            "google_project_service.services"
          ]
        }
      ]
    },
    {
      "mode": "managed",
      "type": "local_file",
      "name": "firebaserc",
      "provider": "provider[\"registry.terraform.io/hashicorp/local\"]",
      "instances": [
        {
          "schema_version": 0,
          "attributes": {
            "content": "{\"projects\":{\"default\":\"sample-firebase-app-7cda1\"}}",
            "content_base64": null,
            "content_base64sha256": "t5f0eJFmeqrtnEkvJoRMCAUxVJ07X+Gd49OsrDYbRX0=",
            "content_base64sha512": "efMqrBSAzPIB0wbybHK6+RcQbxGlh2wxua5iWLcHsiNKTmkeUyptmaCrCb2+U+G85wmiJKGysqZ4S88U4hSE/A==",
            "content_md5": "775fdfce00b592a60c40f72830c09046",
            "content_sha1": "eb29a7534e5d3e56ceb715f6597a29a190eddbf4",
            "content_sha256": "b797f47891667aaaed9c492f26844c080531549d3b5fe19de3d3acac361b457d",
            "content_sha512": "79f32aac1480ccf201d306f26c72baf917106f11a5876c31b9ae6258b707b2234a4e691e532a6d99a0ab09bdbe53e1bce709a224a1b2b2a6784bcf14e21484fc",
            "directory_permission": "0777",
            "file_permission": "0777",
            "filename": "./.firebaserc",
            "id": "eb29a7534e5d3e56ceb715f6597a29a190eddbf4",
            "sensitive_content": null,
            "source": null
          },
          "sensitive_attributes": []
        }
      ]
    },
    {
      "mode": "managed",
      "type": "local_file",
      "name": "firestore_rules",
      "provider": "provider[\"registry.terraform.io/hashicorp/local\"]",
      "instances": [
        {
          "schema_version": 0,
          "attributes": {
            "content": "service cloud.firestore {\n  match /databases/{database}/documents/{document=**} {\n    allow read, write: if request.auth != null \u0026\u0026 request.time \u003c timestamp.date(2025, 5, 17);\n  }\n}\n",
            "content_base64": null,
            "content_base64sha256": "5PtWDQUifXzJIz9w47qXt5Y/qX6tR5I1e12axgnOwEA=",
            "content_base64sha512": "Qicx3BUE+yyA6OZU+7aUKDy6GRdv647zYJsfVf7OFAqBDhDxQ7Ee+47hJR5fNHOQwwNuVLnIZfAL3aaCypXzPw==",
            "content_md5": "11a7c0ceeb9c246b942130c85927d1c6",
            "content_sha1": "ecf69063bd82056bbd9705756802c89ff647ed77",
            "content_sha256": "e4fb560d05227d7cc9233f70e3ba97b7963fa97ead4792357b5d9ac609cec040",
            "content_sha512": "422731dc1504fb2c80e8e654fbb694283cba19176feb8ef3609b1f55fece140a810e10f143b11efb8ee1251e5f347390c3036e54b9c865f00bdda682ca95f33f",
            "directory_permission": "0777",
            "file_permission": "0777",
            "filename": "./firestore.rules",
            "id": "ecf69063bd82056bbd9705756802c89ff647ed77",
            "sensitive_content": null,
            "source": null
          },
          "sensitive_attributes": []
        }
      ]
    }
  ],
  "check_results": null
}
